// !$*UTF8*$!
{
	archiveVersion = 1;
	classes = {
	};
	objectVersion = 46;
	objects = {

/* Begin PBXBuildFile section */
		7F22C18E1C87DD6D00186313 /* AdConst.m in Sources */ = {isa = PBXBuildFile; fileRef = 7F22C18D1C87DD6D00186313 /* AdConst.m */; };
		7F37EE061C75A84E003E28F4 /* AdSlideInViewController.m in Sources */ = {isa = PBXBuildFile; fileRef = 7F37EE051C75A84E003E28F4 /* AdSlideInViewController.m */; };
		7F4C64051C806CED003BF4EF /* AdInfeedTableViewCell.m in Sources */ = {isa = PBXBuildFile; fileRef = 7F4C64041C806CED003BF4EF /* AdInfeedTableViewCell.m */; };
		7F557D5D1D0571FB000BC755 /* FSAdNetwork-Resources.bundle in Resources */ = {isa = PBXBuildFile; fileRef = 7F557D5A1D0571FB000BC755 /* FSAdNetwork-Resources.bundle */; };
		7F557D5F1D0571FB000BC755 /* libFSAdNetworkAdapter.a in Frameworks */ = {isa = PBXBuildFile; fileRef = 7F557D5C1D0571FB000BC755 /* libFSAdNetworkAdapter.a */; };
		7F5F06FC1C1591D9009CF274 /* AdPopupViewController.m in Sources */ = {isa = PBXBuildFile; fileRef = 7F5F06FB1C1591D9009CF274 /* AdPopupViewController.m */; };
		7F5F073D1C16AFFE009CF274 /* AdCarouselViewController.m in Sources */ = {isa = PBXBuildFile; fileRef = 7F5F073C1C16AFFE009CF274 /* AdCarouselViewController.m */; };
		7F6ADB271D0686B400A69CA9 /* FSAdNetwork.framework in Frameworks */ = {isa = PBXBuildFile; fileRef = 7F6ADB261D0686B400A69CA9 /* FSAdNetwork.framework */; };
		7F82600C1CFFC2500000E145 /* libAppLovinSdk.a in Frameworks */ = {isa = PBXBuildFile; fileRef = 7F8260071CFFC2500000E145 /* libAppLovinSdk.a */; };
		7F82600E1CFFC2500000E145 /* UnityAds.framework in Frameworks */ = {isa = PBXBuildFile; fileRef = 7F8260091CFFC2500000E145 /* UnityAds.framework */; };
		7F82600F1CFFC2500000E145 /* AdColony.framework in Frameworks */ = {isa = PBXBuildFile; fileRef = 7F82600A1CFFC2500000E145 /* AdColony.framework */; };
		7F8260101CFFC2500000E145 /* UnityAds.bundle in Resources */ = {isa = PBXBuildFile; fileRef = 7F82600B1CFFC2500000E145 /* UnityAds.bundle */; };
		7F8260121CFFC31F0000E145 /* AdSupport.framework in Frameworks */ = {isa = PBXBuildFile; fileRef = 7F8260111CFFC31F0000E145 /* AdSupport.framework */; };
		7F8260161CFFC33D0000E145 /* WebKit.framework in Frameworks */ = {isa = PBXBuildFile; fileRef = 7F8260151CFFC33D0000E145 /* WebKit.framework */; };
		7F8260181CFFC3450000E145 /* StoreKit.framework in Frameworks */ = {isa = PBXBuildFile; fileRef = 7F8260171CFFC3450000E145 /* StoreKit.framework */; };
		7F82601A1CFFC34E0000E145 /* Social.framework in Frameworks */ = {isa = PBXBuildFile; fileRef = 7F8260191CFFC34E0000E145 /* Social.framework */; };
		7F82601C1CFFC3590000E145 /* MediaPlayer.framework in Frameworks */ = {isa = PBXBuildFile; fileRef = 7F82601B1CFFC3590000E145 /* MediaPlayer.framework */; };
		7F82601E1CFFC3720000E145 /* MessageUI.framework in Frameworks */ = {isa = PBXBuildFile; fileRef = 7F82601D1CFFC3720000E145 /* MessageUI.framework */; };
		7F8260201CFFC37C0000E145 /* EventKit.framework in Frameworks */ = {isa = PBXBuildFile; fileRef = 7F82601F1CFFC37C0000E145 /* EventKit.framework */; };
		7F8260221CFFC3840000E145 /* EventKitUI.framework in Frameworks */ = {isa = PBXBuildFile; fileRef = 7F8260211CFFC3840000E145 /* EventKitUI.framework */; };
		7F8260241CFFC3940000E145 /* libz.1.2.5.tbd in Frameworks */ = {isa = PBXBuildFile; fileRef = 7F8260231CFFC3940000E145 /* libz.1.2.5.tbd */; };
		7F85C67F1C213BBC007412BE /* AdInfeedViewController.m in Sources */ = {isa = PBXBuildFile; fileRef = 7F85C67E1C213BBC007412BE /* AdInfeedViewController.m */; };
		7F85C7B01C292E4C007412BE /* AdPictureInPictureViewController.m in Sources */ = {isa = PBXBuildFile; fileRef = 7F85C7AF1C292E4C007412BE /* AdPictureInPictureViewController.m */; };
		7F85C8011C2BE969007412BE /* AdForcedMovieViewController.m in Sources */ = {isa = PBXBuildFile; fileRef = 7F85C8001C2BE969007412BE /* AdForcedMovieViewController.m */; };
		7FC6E2D11C103C110087359A /* main.m in Sources */ = {isa = PBXBuildFile; fileRef = 7FC6E2D01C103C110087359A /* main.m */; };
		7FC6E2D41C103C110087359A /* AppDelegate.m in Sources */ = {isa = PBXBuildFile; fileRef = 7FC6E2D31C103C110087359A /* AppDelegate.m */; };
		7FC6E2D71C103C110087359A /* ViewController.m in Sources */ = {isa = PBXBuildFile; fileRef = 7FC6E2D61C103C110087359A /* ViewController.m */; };
		7FC6E2DA1C103C110087359A /* Main.storyboard in Resources */ = {isa = PBXBuildFile; fileRef = 7FC6E2D81C103C110087359A /* Main.storyboard */; };
		7FC6E2DC1C103C110087359A /* Assets.xcassets in Resources */ = {isa = PBXBuildFile; fileRef = 7FC6E2DB1C103C110087359A /* Assets.xcassets */; };
		7FC6E2DF1C103C110087359A /* LaunchScreen.storyboard in Resources */ = {isa = PBXBuildFile; fileRef = 7FC6E2DD1C103C110087359A /* LaunchScreen.storyboard */; };
		7FC6E2E81C10413D0087359A /* AdBannerViewController.m in Sources */ = {isa = PBXBuildFile; fileRef = 7FC6E2E71C10413D0087359A /* AdBannerViewController.m */; };
		7FC6E2EA1C1041B60087359A /* SystemConfiguration.framework in Frameworks */ = {isa = PBXBuildFile; fileRef = 7FC6E2E91C1041B60087359A /* SystemConfiguration.framework */; };
		7FC6E2EC1C1041C10087359A /* CoreLocation.framework in Frameworks */ = {isa = PBXBuildFile; fileRef = 7FC6E2EB1C1041C10087359A /* CoreLocation.framework */; };
		7FC6E2EE1C1041C80087359A /* CoreTelephony.framework in Frameworks */ = {isa = PBXBuildFile; fileRef = 7FC6E2ED1C1041C80087359A /* CoreTelephony.framework */; };
		7FC6E34D1C1523DD0087359A /* AdInterstitialViewController.m in Sources */ = {isa = PBXBuildFile; fileRef = 7FC6E34C1C1523DD0087359A /* AdInterstitialViewController.m */; };
		7FD001171CA2815D0095CD1E /* AdRectangleMovieViewController.m in Sources */ = {isa = PBXBuildFile; fileRef = 7FD001161CA2815D0095CD1E /* AdRectangleMovieViewController.m */; };
		7FD001921CA906F70095CD1E /* FSAdAnalytics.framework in Frameworks */ = {isa = PBXBuildFile; fileRef = 7FD001911CA906F70095CD1E /* FSAdAnalytics.framework */; };
/* End PBXBuildFile section */

/* Begin PBXCopyFilesBuildPhase section */
		7F4B6B3F1C91798C00E6969A /* CopyFiles */ = {
			isa = PBXCopyFilesBuildPhase;
			buildActionMask = 2147483647;
			dstPath = "";
			dstSubfolderSpec = 10;
			files = (
			);
			runOnlyForDeploymentPostprocessing = 0;
		};
/* End PBXCopyFilesBuildPhase section */

/* Begin PBXFileReference section */
		7F22C18C1C87DD6D00186313 /* AdConst.h */ = {isa = PBXFileReference; fileEncoding = 4; lastKnownFileType = sourcecode.c.h; path = AdConst.h; sourceTree = "<group>"; };
		7F22C18D1C87DD6D00186313 /* AdConst.m */ = {isa = PBXFileReference; fileEncoding = 4; lastKnownFileType = sourcecode.c.objc; path = AdConst.m; sourceTree = "<group>"; };
		7F22C18F1C87DE6E00186313 /* PrefixHeader.pch */ = {isa = PBXFileReference; fileEncoding = 4; lastKnownFileType = sourcecode.c.h; path = PrefixHeader.pch; sourceTree = "<group>"; };
		7F37EE041C75A84E003E28F4 /* AdSlideInViewController.h */ = {isa = PBXFileReference; fileEncoding = 4; lastKnownFileType = sourcecode.c.h; path = AdSlideInViewController.h; sourceTree = "<group>"; };
		7F37EE051C75A84E003E28F4 /* AdSlideInViewController.m */ = {isa = PBXFileReference; fileEncoding = 4; lastKnownFileType = sourcecode.c.objc; path = AdSlideInViewController.m; sourceTree = "<group>"; };
		7F4C64031C806CED003BF4EF /* AdInfeedTableViewCell.h */ = {isa = PBXFileReference; fileEncoding = 4; lastKnownFileType = sourcecode.c.h; path = AdInfeedTableViewCell.h; sourceTree = "<group>"; };
		7F4C64041C806CED003BF4EF /* AdInfeedTableViewCell.m */ = {isa = PBXFileReference; fileEncoding = 4; lastKnownFileType = sourcecode.c.objc; path = AdInfeedTableViewCell.m; sourceTree = "<group>"; };
		7F557D5A1D0571FB000BC755 /* FSAdNetwork-Resources.bundle */ = {isa = PBXFileReference; lastKnownFileType = "wrapper.plug-in"; path = "FSAdNetwork-Resources.bundle"; sourceTree = "<group>"; };
		7F557D5C1D0571FB000BC755 /* libFSAdNetworkAdapter.a */ = {isa = PBXFileReference; lastKnownFileType = archive.ar; path = libFSAdNetworkAdapter.a; sourceTree = "<group>"; };
		7F5F06FA1C1591D9009CF274 /* AdPopupViewController.h */ = {isa = PBXFileReference; fileEncoding = 4; lastKnownFileType = sourcecode.c.h; path = AdPopupViewController.h; sourceTree = "<group>"; };
		7F5F06FB1C1591D9009CF274 /* AdPopupViewController.m */ = {isa = PBXFileReference; fileEncoding = 4; lastKnownFileType = sourcecode.c.objc; path = AdPopupViewController.m; sourceTree = "<group>"; };
		7F5F073B1C16AFFE009CF274 /* AdCarouselViewController.h */ = {isa = PBXFileReference; fileEncoding = 4; lastKnownFileType = sourcecode.c.h; path = AdCarouselViewController.h; sourceTree = "<group>"; };
		7F5F073C1C16AFFE009CF274 /* AdCarouselViewController.m */ = {isa = PBXFileReference; fileEncoding = 4; lastKnownFileType = sourcecode.c.objc; path = AdCarouselViewController.m; sourceTree = "<group>"; };
		7F6ADB261D0686B400A69CA9 /* FSAdNetwork.framework */ = {isa = PBXFileReference; lastKnownFileType = wrapper.framework; path = FSAdNetwork.framework; sourceTree = "<group>"; };
		7F825FED1CFFC2500000E145 /* ALAd.h */ = {isa = PBXFileReference; fileEncoding = 4; lastKnownFileType = sourcecode.c.h; path = ALAd.h; sourceTree = "<group>"; };
		7F825FEE1CFFC2500000E145 /* ALAdDisplayDelegate.h */ = {isa = PBXFileReference; fileEncoding = 4; lastKnownFileType = sourcecode.c.h; path = ALAdDisplayDelegate.h; sourceTree = "<group>"; };
		7F825FEF1CFFC2500000E145 /* ALAdLoadDelegate.h */ = {isa = PBXFileReference; fileEncoding = 4; lastKnownFileType = sourcecode.c.h; path = ALAdLoadDelegate.h; sourceTree = "<group>"; };
		7F825FF01CFFC2500000E145 /* ALAdRewardDelegate.h */ = {isa = PBXFileReference; fileEncoding = 4; lastKnownFileType = sourcecode.c.h; path = ALAdRewardDelegate.h; sourceTree = "<group>"; };
		7F825FF11CFFC2500000E145 /* ALAdService.h */ = {isa = PBXFileReference; fileEncoding = 4; lastKnownFileType = sourcecode.c.h; path = ALAdService.h; sourceTree = "<group>"; };
		7F825FF21CFFC2500000E145 /* ALAdSize.h */ = {isa = PBXFileReference; fileEncoding = 4; lastKnownFileType = sourcecode.c.h; path = ALAdSize.h; sourceTree = "<group>"; };
		7F825FF31CFFC2500000E145 /* ALAdType.h */ = {isa = PBXFileReference; fileEncoding = 4; lastKnownFileType = sourcecode.c.h; path = ALAdType.h; sourceTree = "<group>"; };
		7F825FF41CFFC2500000E145 /* ALAdUpdateDelegate.h */ = {isa = PBXFileReference; fileEncoding = 4; lastKnownFileType = sourcecode.c.h; path = ALAdUpdateDelegate.h; sourceTree = "<group>"; };
		7F825FF51CFFC2500000E145 /* ALAdVideoPlaybackDelegate.h */ = {isa = PBXFileReference; fileEncoding = 4; lastKnownFileType = sourcecode.c.h; path = ALAdVideoPlaybackDelegate.h; sourceTree = "<group>"; };
		7F825FF61CFFC2500000E145 /* ALAdView.h */ = {isa = PBXFileReference; fileEncoding = 4; lastKnownFileType = sourcecode.c.h; path = ALAdView.h; sourceTree = "<group>"; };
		7F825FF71CFFC2500000E145 /* ALAnnotations.h */ = {isa = PBXFileReference; fileEncoding = 4; lastKnownFileType = sourcecode.c.h; path = ALAnnotations.h; sourceTree = "<group>"; };
		7F825FF81CFFC2500000E145 /* ALErrorCodes.h */ = {isa = PBXFileReference; fileEncoding = 4; lastKnownFileType = sourcecode.c.h; path = ALErrorCodes.h; sourceTree = "<group>"; };
		7F825FF91CFFC2500000E145 /* ALEventService.h */ = {isa = PBXFileReference; fileEncoding = 4; lastKnownFileType = sourcecode.c.h; path = ALEventService.h; sourceTree = "<group>"; };
		7F825FFA1CFFC2500000E145 /* ALEventTypes.h */ = {isa = PBXFileReference; fileEncoding = 4; lastKnownFileType = sourcecode.c.h; path = ALEventTypes.h; sourceTree = "<group>"; };
		7F825FFB1CFFC2500000E145 /* ALIncentivizedInterstitialAd.h */ = {isa = PBXFileReference; fileEncoding = 4; lastKnownFileType = sourcecode.c.h; path = ALIncentivizedInterstitialAd.h; sourceTree = "<group>"; };
		7F825FFC1CFFC2500000E145 /* ALInterstitialAd.h */ = {isa = PBXFileReference; fileEncoding = 4; lastKnownFileType = sourcecode.c.h; path = ALInterstitialAd.h; sourceTree = "<group>"; };
		7F825FFD1CFFC2500000E145 /* ALNativeAd.h */ = {isa = PBXFileReference; fileEncoding = 4; lastKnownFileType = sourcecode.c.h; path = ALNativeAd.h; sourceTree = "<group>"; };
		7F825FFE1CFFC2500000E145 /* ALNativeAdLoadDelegate.h */ = {isa = PBXFileReference; fileEncoding = 4; lastKnownFileType = sourcecode.c.h; path = ALNativeAdLoadDelegate.h; sourceTree = "<group>"; };
		7F825FFF1CFFC2500000E145 /* ALNativeAdPrecacheDelegate.h */ = {isa = PBXFileReference; fileEncoding = 4; lastKnownFileType = sourcecode.c.h; path = ALNativeAdPrecacheDelegate.h; sourceTree = "<group>"; };
		7F8260001CFFC2500000E145 /* ALNativeAdService.h */ = {isa = PBXFileReference; fileEncoding = 4; lastKnownFileType = sourcecode.c.h; path = ALNativeAdService.h; sourceTree = "<group>"; };
		7F8260011CFFC2500000E145 /* ALPostbackDelegate.h */ = {isa = PBXFileReference; fileEncoding = 4; lastKnownFileType = sourcecode.c.h; path = ALPostbackDelegate.h; sourceTree = "<group>"; };
		7F8260021CFFC2500000E145 /* ALPostbackService.h */ = {isa = PBXFileReference; fileEncoding = 4; lastKnownFileType = sourcecode.c.h; path = ALPostbackService.h; sourceTree = "<group>"; };
		7F8260031CFFC2500000E145 /* ALSdk.h */ = {isa = PBXFileReference; fileEncoding = 4; lastKnownFileType = sourcecode.c.h; path = ALSdk.h; sourceTree = "<group>"; };
		7F8260041CFFC2500000E145 /* ALSdkSettings.h */ = {isa = PBXFileReference; fileEncoding = 4; lastKnownFileType = sourcecode.c.h; path = ALSdkSettings.h; sourceTree = "<group>"; };
		7F8260051CFFC2500000E145 /* ALSwiftHeaders.h */ = {isa = PBXFileReference; fileEncoding = 4; lastKnownFileType = sourcecode.c.h; path = ALSwiftHeaders.h; sourceTree = "<group>"; };
		7F8260061CFFC2500000E145 /* ALTargetingData.h */ = {isa = PBXFileReference; fileEncoding = 4; lastKnownFileType = sourcecode.c.h; path = ALTargetingData.h; sourceTree = "<group>"; };
		7F8260071CFFC2500000E145 /* libAppLovinSdk.a */ = {isa = PBXFileReference; lastKnownFileType = archive.ar; path = libAppLovinSdk.a; sourceTree = "<group>"; };
		7F8260091CFFC2500000E145 /* UnityAds.framework */ = {isa = PBXFileReference; lastKnownFileType = wrapper.framework; path = UnityAds.framework; sourceTree = "<group>"; };
		7F82600A1CFFC2500000E145 /* AdColony.framework */ = {isa = PBXFileReference; lastKnownFileType = wrapper.framework; path = AdColony.framework; sourceTree = "<group>"; };
		7F82600B1CFFC2500000E145 /* UnityAds.bundle */ = {isa = PBXFileReference; lastKnownFileType = "wrapper.plug-in"; path = UnityAds.bundle; sourceTree = "<group>"; };
		7F8260111CFFC31F0000E145 /* AdSupport.framework */ = {isa = PBXFileReference; lastKnownFileType = wrapper.framework; name = AdSupport.framework; path = System/Library/Frameworks/AdSupport.framework; sourceTree = SDKROOT; };
		7F8260131CFFC3280000E145 /* AudioToolbox.framework */ = {isa = PBXFileReference; lastKnownFileType = wrapper.framework; name = AudioToolbox.framework; path = System/Library/Frameworks/AudioToolbox.framework; sourceTree = SDKROOT; };
		7F8260151CFFC33D0000E145 /* WebKit.framework */ = {isa = PBXFileReference; lastKnownFileType = wrapper.framework; name = WebKit.framework; path = System/Library/Frameworks/WebKit.framework; sourceTree = SDKROOT; };
		7F8260171CFFC3450000E145 /* StoreKit.framework */ = {isa = PBXFileReference; lastKnownFileType = wrapper.framework; name = StoreKit.framework; path = System/Library/Frameworks/StoreKit.framework; sourceTree = SDKROOT; };
		7F8260191CFFC34E0000E145 /* Social.framework */ = {isa = PBXFileReference; lastKnownFileType = wrapper.framework; name = Social.framework; path = System/Library/Frameworks/Social.framework; sourceTree = SDKROOT; };
		7F82601B1CFFC3590000E145 /* MediaPlayer.framework */ = {isa = PBXFileReference; lastKnownFileType = wrapper.framework; name = MediaPlayer.framework; path = System/Library/Frameworks/MediaPlayer.framework; sourceTree = SDKROOT; };
		7F82601D1CFFC3720000E145 /* MessageUI.framework */ = {isa = PBXFileReference; lastKnownFileType = wrapper.framework; name = MessageUI.framework; path = System/Library/Frameworks/MessageUI.framework; sourceTree = SDKROOT; };
		7F82601F1CFFC37C0000E145 /* EventKit.framework */ = {isa = PBXFileReference; lastKnownFileType = wrapper.framework; name = EventKit.framework; path = System/Library/Frameworks/EventKit.framework; sourceTree = SDKROOT; };
		7F8260211CFFC3840000E145 /* EventKitUI.framework */ = {isa = PBXFileReference; lastKnownFileType = wrapper.framework; name = EventKitUI.framework; path = System/Library/Frameworks/EventKitUI.framework; sourceTree = SDKROOT; };
		7F8260231CFFC3940000E145 /* libz.1.2.5.tbd */ = {isa = PBXFileReference; lastKnownFileType = "sourcecode.text-based-dylib-definition"; name = libz.1.2.5.tbd; path = usr/lib/libz.1.2.5.tbd; sourceTree = SDKROOT; };
		7F85C67D1C213BBC007412BE /* AdInfeedViewController.h */ = {isa = PBXFileReference; fileEncoding = 4; lastKnownFileType = sourcecode.c.h; path = AdInfeedViewController.h; sourceTree = "<group>"; };
		7F85C67E1C213BBC007412BE /* AdInfeedViewController.m */ = {isa = PBXFileReference; fileEncoding = 4; lastKnownFileType = sourcecode.c.objc; path = AdInfeedViewController.m; sourceTree = "<group>"; };
		7F85C7AE1C292E4C007412BE /* AdPictureInPictureViewController.h */ = {isa = PBXFileReference; fileEncoding = 4; lastKnownFileType = sourcecode.c.h; path = AdPictureInPictureViewController.h; sourceTree = "<group>"; };
		7F85C7AF1C292E4C007412BE /* AdPictureInPictureViewController.m */ = {isa = PBXFileReference; fileEncoding = 4; lastKnownFileType = sourcecode.c.objc; path = AdPictureInPictureViewController.m; sourceTree = "<group>"; };
		7F85C7FF1C2BE969007412BE /* AdForcedMovieViewController.h */ = {isa = PBXFileReference; fileEncoding = 4; lastKnownFileType = sourcecode.c.h; path = AdForcedMovieViewController.h; sourceTree = "<group>"; };
		7F85C8001C2BE969007412BE /* AdForcedMovieViewController.m */ = {isa = PBXFileReference; fileEncoding = 4; lastKnownFileType = sourcecode.c.objc; path = AdForcedMovieViewController.m; sourceTree = "<group>"; };
		7FC6E2CC1C103C110087359A /* SampleApp.app */ = {isa = PBXFileReference; explicitFileType = wrapper.application; includeInIndex = 0; path = SampleApp.app; sourceTree = BUILT_PRODUCTS_DIR; };
		7FC6E2D01C103C110087359A /* main.m */ = {isa = PBXFileReference; lastKnownFileType = sourcecode.c.objc; path = main.m; sourceTree = "<group>"; };
		7FC6E2D21C103C110087359A /* AppDelegate.h */ = {isa = PBXFileReference; lastKnownFileType = sourcecode.c.h; path = AppDelegate.h; sourceTree = "<group>"; };
		7FC6E2D31C103C110087359A /* AppDelegate.m */ = {isa = PBXFileReference; lastKnownFileType = sourcecode.c.objc; path = AppDelegate.m; sourceTree = "<group>"; };
		7FC6E2D51C103C110087359A /* ViewController.h */ = {isa = PBXFileReference; lastKnownFileType = sourcecode.c.h; path = ViewController.h; sourceTree = "<group>"; };
		7FC6E2D61C103C110087359A /* ViewController.m */ = {isa = PBXFileReference; lastKnownFileType = sourcecode.c.objc; path = ViewController.m; sourceTree = "<group>"; };
		7FC6E2D91C103C110087359A /* Base */ = {isa = PBXFileReference; lastKnownFileType = file.storyboard; name = Base; path = Base.lproj/Main.storyboard; sourceTree = "<group>"; };
		7FC6E2DB1C103C110087359A /* Assets.xcassets */ = {isa = PBXFileReference; lastKnownFileType = folder.assetcatalog; path = Assets.xcassets; sourceTree = "<group>"; };
		7FC6E2DE1C103C110087359A /* Base */ = {isa = PBXFileReference; lastKnownFileType = file.storyboard; name = Base; path = Base.lproj/LaunchScreen.storyboard; sourceTree = "<group>"; };
		7FC6E2E01C103C110087359A /* Info.plist */ = {isa = PBXFileReference; lastKnownFileType = text.plist.xml; path = Info.plist; sourceTree = "<group>"; };
		7FC6E2E61C10413D0087359A /* AdBannerViewController.h */ = {isa = PBXFileReference; fileEncoding = 4; lastKnownFileType = sourcecode.c.h; path = AdBannerViewController.h; sourceTree = "<group>"; };
		7FC6E2E71C10413D0087359A /* AdBannerViewController.m */ = {isa = PBXFileReference; fileEncoding = 4; lastKnownFileType = sourcecode.c.objc; path = AdBannerViewController.m; sourceTree = "<group>"; };
		7FC6E2E91C1041B60087359A /* SystemConfiguration.framework */ = {isa = PBXFileReference; lastKnownFileType = wrapper.framework; name = SystemConfiguration.framework; path = System/Library/Frameworks/SystemConfiguration.framework; sourceTree = SDKROOT; };
		7FC6E2EB1C1041C10087359A /* CoreLocation.framework */ = {isa = PBXFileReference; lastKnownFileType = wrapper.framework; name = CoreLocation.framework; path = System/Library/Frameworks/CoreLocation.framework; sourceTree = SDKROOT; };
		7FC6E2ED1C1041C80087359A /* CoreTelephony.framework */ = {isa = PBXFileReference; lastKnownFileType = wrapper.framework; name = CoreTelephony.framework; path = System/Library/Frameworks/CoreTelephony.framework; sourceTree = SDKROOT; };
		7FC6E34B1C1523DD0087359A /* AdInterstitialViewController.h */ = {isa = PBXFileReference; fileEncoding = 4; lastKnownFileType = sourcecode.c.h; path = AdInterstitialViewController.h; sourceTree = "<group>"; };
		7FC6E34C1C1523DD0087359A /* AdInterstitialViewController.m */ = {isa = PBXFileReference; fileEncoding = 4; lastKnownFileType = sourcecode.c.objc; path = AdInterstitialViewController.m; sourceTree = "<group>"; };
		7FD001151CA2815D0095CD1E /* AdRectangleMovieViewController.h */ = {isa = PBXFileReference; fileEncoding = 4; lastKnownFileType = sourcecode.c.h; path = AdRectangleMovieViewController.h; sourceTree = "<group>"; };
		7FD001161CA2815D0095CD1E /* AdRectangleMovieViewController.m */ = {isa = PBXFileReference; fileEncoding = 4; lastKnownFileType = sourcecode.c.objc; path = AdRectangleMovieViewController.m; sourceTree = "<group>"; };
		7FD001911CA906F70095CD1E /* FSAdAnalytics.framework */ = {isa = PBXFileReference; lastKnownFileType = wrapper.framework; path = FSAdAnalytics.framework; sourceTree = "<group>"; };
/* End PBXFileReference section */

/* Begin PBXFrameworksBuildPhase section */
		7FC6E2C91C103C110087359A /* Frameworks */ = {
			isa = PBXFrameworksBuildPhase;
			buildActionMask = 2147483647;
			files = (
				7F557D5F1D0571FB000BC755 /* libFSAdNetworkAdapter.a in Frameworks */,
				7F6ADB271D0686B400A69CA9 /* FSAdNetwork.framework in Frameworks */,
				7F8260241CFFC3940000E145 /* libz.1.2.5.tbd in Frameworks */,
				7F8260221CFFC3840000E145 /* EventKitUI.framework in Frameworks */,
				7F8260201CFFC37C0000E145 /* EventKit.framework in Frameworks */,
				7F82601E1CFFC3720000E145 /* MessageUI.framework in Frameworks */,
				7F82601C1CFFC3590000E145 /* MediaPlayer.framework in Frameworks */,
				7F82601A1CFFC34E0000E145 /* Social.framework in Frameworks */,
				7F8260181CFFC3450000E145 /* StoreKit.framework in Frameworks */,
				7F8260161CFFC33D0000E145 /* WebKit.framework in Frameworks */,
				7F8260121CFFC31F0000E145 /* AdSupport.framework in Frameworks */,
				7FC6E2EE1C1041C80087359A /* CoreTelephony.framework in Frameworks */,
				7FD001921CA906F70095CD1E /* FSAdAnalytics.framework in Frameworks */,
				7F82600C1CFFC2500000E145 /* libAppLovinSdk.a in Frameworks */,
				7FC6E2EC1C1041C10087359A /* CoreLocation.framework in Frameworks */,
				7FC6E2EA1C1041B60087359A /* SystemConfiguration.framework in Frameworks */,
				7F82600F1CFFC2500000E145 /* AdColony.framework in Frameworks */,
				7F82600E1CFFC2500000E145 /* UnityAds.framework in Frameworks */,
			);
			runOnlyForDeploymentPostprocessing = 0;
		};
/* End PBXFrameworksBuildPhase section */

/* Begin PBXGroup section */
		7F825FEB1CFFC2500000E145 /* AppLovinSDK */ = {
			isa = PBXGroup;
			children = (
				7F825FEC1CFFC2500000E145 /* headers */,
				7F8260071CFFC2500000E145 /* libAppLovinSdk.a */,
			);
			path = AppLovinSDK;
			sourceTree = "<group>";
		};
		7F825FEC1CFFC2500000E145 /* headers */ = {
			isa = PBXGroup;
			children = (
				7F825FED1CFFC2500000E145 /* ALAd.h */,
				7F825FEE1CFFC2500000E145 /* ALAdDisplayDelegate.h */,
				7F825FEF1CFFC2500000E145 /* ALAdLoadDelegate.h */,
				7F825FF01CFFC2500000E145 /* ALAdRewardDelegate.h */,
				7F825FF11CFFC2500000E145 /* ALAdService.h */,
				7F825FF21CFFC2500000E145 /* ALAdSize.h */,
				7F825FF31CFFC2500000E145 /* ALAdType.h */,
				7F825FF41CFFC2500000E145 /* ALAdUpdateDelegate.h */,
				7F825FF51CFFC2500000E145 /* ALAdVideoPlaybackDelegate.h */,
				7F825FF61CFFC2500000E145 /* ALAdView.h */,
				7F825FF71CFFC2500000E145 /* ALAnnotations.h */,
				7F825FF81CFFC2500000E145 /* ALErrorCodes.h */,
				7F825FF91CFFC2500000E145 /* ALEventService.h */,
				7F825FFA1CFFC2500000E145 /* ALEventTypes.h */,
				7F825FFB1CFFC2500000E145 /* ALIncentivizedInterstitialAd.h */,
				7F825FFC1CFFC2500000E145 /* ALInterstitialAd.h */,
				7F825FFD1CFFC2500000E145 /* ALNativeAd.h */,
				7F825FFE1CFFC2500000E145 /* ALNativeAdLoadDelegate.h */,
				7F825FFF1CFFC2500000E145 /* ALNativeAdPrecacheDelegate.h */,
				7F8260001CFFC2500000E145 /* ALNativeAdService.h */,
				7F8260011CFFC2500000E145 /* ALPostbackDelegate.h */,
				7F8260021CFFC2500000E145 /* ALPostbackService.h */,
				7F8260031CFFC2500000E145 /* ALSdk.h */,
				7F8260041CFFC2500000E145 /* ALSdkSettings.h */,
				7F8260051CFFC2500000E145 /* ALSwiftHeaders.h */,
				7F8260061CFFC2500000E145 /* ALTargetingData.h */,
			);
			path = headers;
			sourceTree = "<group>";
		};
		7F8260251CFFC3C40000E145 /* Framework */ = {
			isa = PBXGroup;
			children = (
				7F6ADB261D0686B400A69CA9 /* FSAdNetwork.framework */,
				7F557D5A1D0571FB000BC755 /* FSAdNetwork-Resources.bundle */,
				7F557D5C1D0571FB000BC755 /* libFSAdNetworkAdapter.a */,
				7F8260231CFFC3940000E145 /* libz.1.2.5.tbd */,
				7F8260211CFFC3840000E145 /* EventKitUI.framework */,
				7F82601F1CFFC37C0000E145 /* EventKit.framework */,
				7F82601D1CFFC3720000E145 /* MessageUI.framework */,
				7F82601B1CFFC3590000E145 /* MediaPlayer.framework */,
				7F8260191CFFC34E0000E145 /* Social.framework */,
				7F8260171CFFC3450000E145 /* StoreKit.framework */,
				7F8260151CFFC33D0000E145 /* WebKit.framework */,
				7F8260131CFFC3280000E145 /* AudioToolbox.framework */,
				7F8260111CFFC31F0000E145 /* AdSupport.framework */,
				7F825FEB1CFFC2500000E145 /* AppLovinSDK */,
				7F8260091CFFC2500000E145 /* UnityAds.framework */,
				7F82600A1CFFC2500000E145 /* AdColony.framework */,
				7F82600B1CFFC2500000E145 /* UnityAds.bundle */,
				7FD001911CA906F70095CD1E /* FSAdAnalytics.framework */,
				7FC6E2ED1C1041C80087359A /* CoreTelephony.framework */,
				7FC6E2EB1C1041C10087359A /* CoreLocation.framework */,
				7FC6E2E91C1041B60087359A /* SystemConfiguration.framework */,
			);
			name = Framework;
			sourceTree = "<group>";
		};
		7FC6E2C31C103C110087359A = {
			isa = PBXGroup;
			children = (
				7F8260251CFFC3C40000E145 /* Framework */,
				7FC6E2CE1C103C110087359A /* SampleApp */,
				7FC6E2CD1C103C110087359A /* Products */,
			);
			sourceTree = "<group>";
		};
		7FC6E2CD1C103C110087359A /* Products */ = {
			isa = PBXGroup;
			children = (
				7FC6E2CC1C103C110087359A /* SampleApp.app */,
			);
			name = Products;
			sourceTree = "<group>";
		};
		7FC6E2CE1C103C110087359A /* SampleApp */ = {
			isa = PBXGroup;
			children = (
				7FC6E2D21C103C110087359A /* AppDelegate.h */,
				7FC6E2D31C103C110087359A /* AppDelegate.m */,
				7FC6E2D51C103C110087359A /* ViewController.h */,
				7FC6E2D61C103C110087359A /* ViewController.m */,
				7F22C18C1C87DD6D00186313 /* AdConst.h */,
				7F22C18D1C87DD6D00186313 /* AdConst.m */,
				7FC6E2E61C10413D0087359A /* AdBannerViewController.h */,
				7FC6E2E71C10413D0087359A /* AdBannerViewController.m */,
				7FC6E34B1C1523DD0087359A /* AdInterstitialViewController.h */,
				7FC6E34C1C1523DD0087359A /* AdInterstitialViewController.m */,
				7F37EE041C75A84E003E28F4 /* AdSlideInViewController.h */,
				7F37EE051C75A84E003E28F4 /* AdSlideInViewController.m */,
				7F5F06FA1C1591D9009CF274 /* AdPopupViewController.h */,
				7F5F06FB1C1591D9009CF274 /* AdPopupViewController.m */,
				7F5F073B1C16AFFE009CF274 /* AdCarouselViewController.h */,
				7F5F073C1C16AFFE009CF274 /* AdCarouselViewController.m */,
				7F85C67D1C213BBC007412BE /* AdInfeedViewController.h */,
				7F85C67E1C213BBC007412BE /* AdInfeedViewController.m */,
				7F4C64031C806CED003BF4EF /* AdInfeedTableViewCell.h */,
				7F4C64041C806CED003BF4EF /* AdInfeedTableViewCell.m */,
				7F85C7AE1C292E4C007412BE /* AdPictureInPictureViewController.h */,
				7F85C7AF1C292E4C007412BE /* AdPictureInPictureViewController.m */,
				7F85C7FF1C2BE969007412BE /* AdForcedMovieViewController.h */,
				7F85C8001C2BE969007412BE /* AdForcedMovieViewController.m */,
				7FD001151CA2815D0095CD1E /* AdRectangleMovieViewController.h */,
				7FD001161CA2815D0095CD1E /* AdRectangleMovieViewController.m */,
				7FC6E2D81C103C110087359A /* Main.storyboard */,
				7FC6E2DB1C103C110087359A /* Assets.xcassets */,
				7FC6E2DD1C103C110087359A /* LaunchScreen.storyboard */,
				7FC6E2E01C103C110087359A /* Info.plist */,
				7F22C18F1C87DE6E00186313 /* PrefixHeader.pch */,
				7FC6E2CF1C103C110087359A /* Supporting Files */,
			);
			path = SampleApp;
			sourceTree = "<group>";
		};
		7FC6E2CF1C103C110087359A /* Supporting Files */ = {
			isa = PBXGroup;
			children = (
				7FC6E2D01C103C110087359A /* main.m */,
			);
			name = "Supporting Files";
			sourceTree = "<group>";
		};
/* End PBXGroup section */

/* Begin PBXNativeTarget section */
		7FC6E2CB1C103C110087359A /* SampleApp */ = {
			isa = PBXNativeTarget;
			buildConfigurationList = 7FC6E2E31C103C110087359A /* Build configuration list for PBXNativeTarget "SampleApp" */;
			buildPhases = (
				7FC6E2C81C103C110087359A /* Sources */,
				7FC6E2C91C103C110087359A /* Frameworks */,
				7FC6E2CA1C103C110087359A /* Resources */,
				7F4B6B3F1C91798C00E6969A /* CopyFiles */,
			);
			buildRules = (
			);
			dependencies = (
			);
			name = SampleApp;
			productName = SampleApp;
			productReference = 7FC6E2CC1C103C110087359A /* SampleApp.app */;
			productType = "com.apple.product-type.application";
		};
/* End PBXNativeTarget section */

/* Begin PBXProject section */
		7FC6E2C41C103C110087359A /* Project object */ = {
			isa = PBXProject;
			attributes = {
				LastUpgradeCheck = 0710;
				ORGANIZATIONNAME = "full Speed inc.";
				TargetAttributes = {
					7FC6E2CB1C103C110087359A = {
						CreatedOnToolsVersion = 7.1.1;
						DevelopmentTeam = 2RW8Q6Y7W7;
					};
				};
			};
			buildConfigurationList = 7FC6E2C71C103C110087359A /* Build configuration list for PBXProject "SampleApp" */;
			compatibilityVersion = "Xcode 3.2";
			developmentRegion = English;
			hasScannedForEncodings = 0;
			knownRegions = (
				en,
				Base,
			);
			mainGroup = 7FC6E2C31C103C110087359A;
			productRefGroup = 7FC6E2CD1C103C110087359A /* Products */;
			projectDirPath = "";
			projectRoot = "";
			targets = (
				7FC6E2CB1C103C110087359A /* SampleApp */,
			);
		};
/* End PBXProject section */

/* Begin PBXResourcesBuildPhase section */
		7FC6E2CA1C103C110087359A /* Resources */ = {
			isa = PBXResourcesBuildPhase;
			buildActionMask = 2147483647;
			files = (
				7FC6E2DF1C103C110087359A /* LaunchScreen.storyboard in Resources */,
				7FC6E2DC1C103C110087359A /* Assets.xcassets in Resources */,
				7F557D5D1D0571FB000BC755 /* FSAdNetwork-Resources.bundle in Resources */,
				7FC6E2DA1C103C110087359A /* Main.storyboard in Resources */,
				7F8260101CFFC2500000E145 /* UnityAds.bundle in Resources */,
			);
			runOnlyForDeploymentPostprocessing = 0;
		};
/* End PBXResourcesBuildPhase section */

/* Begin PBXSourcesBuildPhase section */
		7FC6E2C81C103C110087359A /* Sources */ = {
			isa = PBXSourcesBuildPhase;
			buildActionMask = 2147483647;
			files = (
				7F37EE061C75A84E003E28F4 /* AdSlideInViewController.m in Sources */,
				7F4C64051C806CED003BF4EF /* AdInfeedTableViewCell.m in Sources */,
				7FC6E2D71C103C110087359A /* ViewController.m in Sources */,
				7F22C18E1C87DD6D00186313 /* AdConst.m in Sources */,
				7FD001171CA2815D0095CD1E /* AdRectangleMovieViewController.m in Sources */,
				7FC6E2E81C10413D0087359A /* AdBannerViewController.m in Sources */,
				7FC6E34D1C1523DD0087359A /* AdInterstitialViewController.m in Sources */,
				7F85C8011C2BE969007412BE /* AdForcedMovieViewController.m in Sources */,
				7FC6E2D41C103C110087359A /* AppDelegate.m in Sources */,
				7FC6E2D11C103C110087359A /* main.m in Sources */,
				7F5F06FC1C1591D9009CF274 /* AdPopupViewController.m in Sources */,
				7F85C7B01C292E4C007412BE /* AdPictureInPictureViewController.m in Sources */,
				7F5F073D1C16AFFE009CF274 /* AdCarouselViewController.m in Sources */,
				7F85C67F1C213BBC007412BE /* AdInfeedViewController.m in Sources */,
			);
			runOnlyForDeploymentPostprocessing = 0;
		};
/* End PBXSourcesBuildPhase section */

/* Begin PBXVariantGroup section */
		7FC6E2D81C103C110087359A /* Main.storyboard */ = {
			isa = PBXVariantGroup;
			children = (
				7FC6E2D91C103C110087359A /* Base */,
			);
			name = Main.storyboard;
			sourceTree = "<group>";
		};
		7FC6E2DD1C103C110087359A /* LaunchScreen.storyboard */ = {
			isa = PBXVariantGroup;
			children = (
				7FC6E2DE1C103C110087359A /* Base */,
			);
			name = LaunchScreen.storyboard;
			sourceTree = "<group>";
		};
/* End PBXVariantGroup section */

/* Begin XCBuildConfiguration section */
		7FC6E2E11C103C110087359A /* Debug */ = {
			isa = XCBuildConfiguration;
			buildSettings = {
				ALWAYS_SEARCH_USER_PATHS = NO;
				CLANG_CXX_LANGUAGE_STANDARD = "gnu++0x";
				CLANG_CXX_LIBRARY = "libc++";
				CLANG_ENABLE_MODULES = YES;
				CLANG_ENABLE_OBJC_ARC = YES;
				CLANG_WARN_BOOL_CONVERSION = YES;
				CLANG_WARN_CONSTANT_CONVERSION = YES;
				CLANG_WARN_DIRECT_OBJC_ISA_USAGE = YES_ERROR;
				CLANG_WARN_EMPTY_BODY = YES;
				CLANG_WARN_ENUM_CONVERSION = YES;
				CLANG_WARN_INT_CONVERSION = YES;
				CLANG_WARN_OBJC_ROOT_CLASS = YES_ERROR;
				CLANG_WARN_UNREACHABLE_CODE = YES;
				CLANG_WARN__DUPLICATE_METHOD_MATCH = YES;
				"CODE_SIGN_IDENTITY[sdk=iphoneos*]" = "iPhone Developer";
				COPY_PHASE_STRIP = NO;
				DEBUG_INFORMATION_FORMAT = dwarf;
				ENABLE_STRICT_OBJC_MSGSEND = YES;
				ENABLE_TESTABILITY = YES;
				GCC_C_LANGUAGE_STANDARD = gnu99;
				GCC_DYNAMIC_NO_PIC = NO;
				GCC_NO_COMMON_BLOCKS = YES;
				GCC_OPTIMIZATION_LEVEL = 0;
				GCC_PREPROCESSOR_DEFINITIONS = (
					"DEBUG=1",
					"$(inherited)",
				);
				GCC_WARN_64_TO_32_BIT_CONVERSION = YES;
				GCC_WARN_ABOUT_RETURN_TYPE = YES_ERROR;
				GCC_WARN_UNDECLARED_SELECTOR = YES;
				GCC_WARN_UNINITIALIZED_AUTOS = YES_AGGRESSIVE;
				GCC_WARN_UNUSED_FUNCTION = YES;
				GCC_WARN_UNUSED_VARIABLE = YES;
				IPHONEOS_DEPLOYMENT_TARGET = 9.1;
				MTL_ENABLE_DEBUG_INFO = YES;
				ONLY_ACTIVE_ARCH = YES;
				SDKROOT = iphoneos;
			};
			name = Debug;
		};
		7FC6E2E21C103C110087359A /* Release */ = {
			isa = XCBuildConfiguration;
			buildSettings = {
				ALWAYS_SEARCH_USER_PATHS = NO;
				CLANG_CXX_LANGUAGE_STANDARD = "gnu++0x";
				CLANG_CXX_LIBRARY = "libc++";
				CLANG_ENABLE_MODULES = YES;
				CLANG_ENABLE_OBJC_ARC = YES;
				CLANG_WARN_BOOL_CONVERSION = YES;
				CLANG_WARN_CONSTANT_CONVERSION = YES;
				CLANG_WARN_DIRECT_OBJC_ISA_USAGE = YES_ERROR;
				CLANG_WARN_EMPTY_BODY = YES;
				CLANG_WARN_ENUM_CONVERSION = YES;
				CLANG_WARN_INT_CONVERSION = YES;
				CLANG_WARN_OBJC_ROOT_CLASS = YES_ERROR;
				CLANG_WARN_UNREACHABLE_CODE = YES;
				CLANG_WARN__DUPLICATE_METHOD_MATCH = YES;
				"CODE_SIGN_IDENTITY[sdk=iphoneos*]" = "iPhone Developer";
				COPY_PHASE_STRIP = NO;
				DEBUG_INFORMATION_FORMAT = "dwarf-with-dsym";
				ENABLE_NS_ASSERTIONS = NO;
				ENABLE_STRICT_OBJC_MSGSEND = YES;
				GCC_C_LANGUAGE_STANDARD = gnu99;
				GCC_NO_COMMON_BLOCKS = YES;
				GCC_WARN_64_TO_32_BIT_CONVERSION = YES;
				GCC_WARN_ABOUT_RETURN_TYPE = YES_ERROR;
				GCC_WARN_UNDECLARED_SELECTOR = YES;
				GCC_WARN_UNINITIALIZED_AUTOS = YES_AGGRESSIVE;
				GCC_WARN_UNUSED_FUNCTION = YES;
				GCC_WARN_UNUSED_VARIABLE = YES;
				IPHONEOS_DEPLOYMENT_TARGET = 9.1;
				MTL_ENABLE_DEBUG_INFO = NO;
				SDKROOT = iphoneos;
				VALIDATE_PRODUCT = YES;
			};
			name = Release;
		};
		7FC6E2E41C103C110087359A /* Debug */ = {
			isa = XCBuildConfiguration;
			buildSettings = {
				ASSETCATALOG_COMPILER_APPICON_NAME = AppIcon;
				ASSETCATALOG_COMPILER_LAUNCHIMAGE_NAME = "Brand Assets";
				CODE_SIGN_IDENTITY = "iPhone Developer";
				"CODE_SIGN_IDENTITY[sdk=iphoneos*]" = "iPhone Developer";
				ENABLE_BITCODE = YES;
				FRAMEWORK_SEARCH_PATHS = (
					"$(inherited)",
					"$(PROJECT_DIR)",
				);
				GCC_PREFIX_HEADER = SampleApp/PrefixHeader.pch;
				INFOPLIST_FILE = SampleApp/Info.plist;
				IPHONEOS_DEPLOYMENT_TARGET = 7.0;
				LD_RUNPATH_SEARCH_PATHS = "$(inherited) @executable_path/Frameworks";
				LIBRARY_SEARCH_PATHS = (
					"$(inherited)",
					"$(PROJECT_DIR)/AppLovinSDK",
					"$(PROJECT_DIR)",
				);
				OTHER_LDFLAGS = (
					"-all_load",
					"-ObjC",
				);
				PRODUCT_BUNDLE_IDENTIFIER = jp.co.fullspeed.sampleapp;
				PRODUCT_NAME = "$(TARGET_NAME)";
				PROVISIONING_PROFILE = "";
				TARGETED_DEVICE_FAMILY = "1,2";
			};
			name = Debug;
		};
		7FC6E2E51C103C110087359A /* Release */ = {
			isa = XCBuildConfiguration;
			buildSettings = {
				ASSETCATALOG_COMPILER_APPICON_NAME = AppIcon;
				ASSETCATALOG_COMPILER_LAUNCHIMAGE_NAME = "Brand Assets";
				CODE_SIGN_IDENTITY = "iPhone Developer";
				"CODE_SIGN_IDENTITY[sdk=iphoneos*]" = "iPhone Developer";
				ENABLE_BITCODE = YES;
				FRAMEWORK_SEARCH_PATHS = (
					"$(inherited)",
					"$(PROJECT_DIR)",
				);
				GCC_PREFIX_HEADER = SampleApp/PrefixHeader.pch;
				INFOPLIST_FILE = SampleApp/Info.plist;
				IPHONEOS_DEPLOYMENT_TARGET = 7.0;
				LD_RUNPATH_SEARCH_PATHS = "$(inherited) @executable_path/Frameworks";
				LIBRARY_SEARCH_PATHS = (
					"$(inherited)",
					"$(PROJECT_DIR)/AppLovinSDK",
					"$(PROJECT_DIR)",
				);
				OTHER_LDFLAGS = (
					"-all_load",
					"-ObjC",
				);
				PRODUCT_BUNDLE_IDENTIFIER = jp.co.fullspeed.sampleapp;
				PRODUCT_NAME = "$(TARGET_NAME)";
				PROVISIONING_PROFILE = "";
				TARGETED_DEVICE_FAMILY = "1,2";
			};
			name = Release;
		};
/* End XCBuildConfiguration section */

/* Begin XCConfigurationList section */
		7FC6E2C71C103C110087359A /* Build configuration list for PBXProject "SampleApp" */ = {
			isa = XCConfigurationList;
			buildConfigurations = (
				7FC6E2E11C103C110087359A /* Debug */,
				7FC6E2E21C103C110087359A /* Release */,
			);
			defaultConfigurationIsVisible = 0;
			defaultConfigurationName = Release;
		};
		7FC6E2E31C103C110087359A /* Build configuration list for PBXNativeTarget "SampleApp" */ = {
			isa = XCConfigurationList;
			buildConfigurations = (
				7FC6E2E41C103C110087359A /* Debug */,
				7FC6E2E51C103C110087359A /* Release */,
			);
			defaultConfigurationIsVisible = 0;
			defaultConfigurationName = Release;
		};
/* End XCConfigurationList section */
	};
	rootObject = 7FC6E2C41C103C110087359A /* Project object */;
}
